<?xml version="1.0" encoding="utf-8"?>
<Project ToolsVersion="4.0" xmlns="http://schemas.microsoft.com/developer/msbuild/2003">
  <ItemGroup>
    <Filter Include="Source Files">
      <UniqueIdentifier>{4FC737F1-C7A5-4376-A066-2A32D752A2FF}</UniqueIdentifier>
      <Extensions>cpp;c;cc;cxx;def;odl;idl;hpj;bat;asm;asmx</Extensions>
    </Filter>
    <Filter Include="Header Files">
      <UniqueIdentifier>{93995380-89BD-4b04-88EB-625FBE52EBFB}</UniqueIdentifier>
      <Extensions>h;hh;hpp;hxx;hm;inl;inc;xsd</Extensions>
    </Filter>
    <Filter Include="Resource Files">
      <UniqueIdentifier>{67DA6AB6-F800-4c08-8B7A-83BB121AAD01}</UniqueIdentifier>
      <Extensions>rc;ico;cur;bmp;dlg;rc2;rct;bin;rgs;gif;jpg;jpeg;jpe;resx;tiff;tif;png;wav;mfcribbon-ms</Extensions>
    </Filter>
  </ItemGroup>
  <ItemGroup>
    <ClCompile Include="Src\BarnesHutTree.cpp">
      <Filter>Source Files</Filter>
    </ClCompile>
    <ClCompile Include="Src\Main.cpp">
      <Filter>Source Files</Filter>
    </ClCompile>
    <ClCompile Include="Src\SphericalModel.cpp">
      <Filter>Source Files</Filter>
    </ClCompile>
    <ClCompile Include="Src\Application.cpp">
      <Filter>Source Files</Filter>
    </ClCompile>
    <ClCompile Include="Src\Image.cpp">
      <Filter>Source Files</Filter>
    </ClCompile>
    <ClCompile Include="Src\Galaxy.cpp">
      <Filter>Source Files</Filter>
    </ClCompile>
    <ClCompile Include="Src\Math.cpp">
      <Filter>Source Files</Filter>
    </ClCompile>
    <ClCompile Include="Src\Solver.cpp">
      <Filter>Source Files</Filter>
    </ClCompile>
    <ClCompile Include="Src\Threading.cpp">
      <Filter>Source Files</Filter>
    </ClCompile>
    <ClCompile Include="Src\Utils.cpp">
      <Filter>Source Files</Filter>
    </ClCompile>
    <ClCompile Include="Src\UIOverlay.cpp">
      <Filter>Source Files</Filter>
    </ClCompile>
    <ClCompile Include="Src\float3.cpp">
      <Filter>Source Files</Filter>
    </ClCompile>
    <ClCompile Include="Src\OpenCL.cpp">
      <Filter>Source Files</Filter>
    </ClCompile>
    <ClCompile Include="Src\GPUSolver.cpp">
      <Filter>Source Files</Filter>
    </ClCompile>
  </ItemGroup>
  <ItemGroup>
    <ClInclude Include="Src\BarnesHutTree.h">
      <Filter>Header Files</Filter>
    </ClInclude>
    <ClInclude Include="Src\SphericalModel.h">
      <Filter>Header Files</Filter>
    </ClInclude>
    <ClInclude Include="Src\Application.h">
      <Filter>Header Files</Filter>
    </ClInclude>
    <ClInclude Include="Src\Image.h">
      <Filter>Header Files</Filter>
    </ClInclude>
    <ClInclude Include="Src\Galaxy.h">
      <Filter>Header Files</Filter>
    </ClInclude>
    <ClInclude Include="Src\Constants.h">
      <Filter>Header Files</Filter>
    </ClInclude>
    <ClInclude Include="Src\Math.h">
      <Filter>Header Files</Filter>
    </ClInclude>
    <ClInclude Include="Src\Solver.h">
      <Filter>Header Files</Filter>
    </ClInclude>
    <ClInclude Include="Src\Threading.h">
      <Filter>Header Files</Filter>
    </ClInclude>
    <ClInclude Include="Src\Utils.h">
      <Filter>Header Files</Filter>
    </ClInclude>
    <ClInclude Include="Src\UIOverlay.h">
      <Filter>Header Files</Filter>
    </ClInclude>
    <ClInclude Include="Src\float3.h">
      <Filter>Header Files</Filter>
    </ClInclude>
    <ClInclude Include="Src\OpenCL.h">
      <Filter>Header Files</Filter>
    </ClInclude>
    <ClInclude Include="Src\Orbit.h">
      <Filter>Header Files</Filter>
    </ClInclude>
    <ClInclude Include="Src\GPUSolver.h">
      <Filter>Header Files</Filter>
    </ClInclude>
  </ItemGroup>
</Project>